{
  "version": 4,
  "terraform_version": "1.9.2",
  "serial": 13,
  "lineage": "56fb3f26-88de-f771-16b5-00cff7bd8cdd",
  "outputs": {},
  "resources": [
    {
      "mode": "data",
      "type": "azurerm_client_config",
      "name": "current",
      "provider": "provider[\"registry.terraform.io/hashicorp/azurerm\"]",
      "instances": [
        {
          "schema_version": 0,
          "attributes": {
            "client_id": "04b07795-8ddb-461a-bbee-02f9e1bf7b46",
            "id": "Y2xpZW50Q29uZmlncy9jbGllbnRJZD0wNGIwNzc5NS04ZGRiLTQ2MWEtYmJlZS0wMmY5ZTFiZjdiNDY7b2JqZWN0SWQ9NDVjMTUxNTktZWFmZC00ZmFhLWFjZDEtMTRiZDk0NThjZDI3O3N1YnNjcmlwdGlvbklkPWI3NjIxYjA4LWIyZDgtNDQxNS1iYjA2LWRkMWVkMzU1OWZlNDt0ZW5hbnRJZD0yYzg4NDQ3MC0wZDE0LTRjNjgtODhkYS1lMjlkMmUxMGVhYzU=",
            "object_id": "45c15159-eafd-4faa-acd1-14bd9458cd27",
            "subscription_id": "b7621b08-b2d8-4415-bb06-dd1ed3559fe4",
            "tenant_id": "2c884470-0d14-4c68-88da-e29d2e10eac5",
            "timeouts": null
          },
          "sensitive_attributes": []
        }
      ]
    },
    {
      "mode": "managed",
      "type": "azurerm_key_vault",
      "name": "keyvault",
      "provider": "provider[\"registry.terraform.io/hashicorp/azurerm\"]",
      "instances": [
        {
          "schema_version": 2,
          "attributes": {
            "access_policy": [
              {
                "application_id": "",
                "certificate_permissions": null,
                "key_permissions": null,
                "object_id": "45c15159-eafd-4faa-acd1-14bd9458cd27",
                "secret_permissions": [
                  "Get",
                  "List",
                  "Set",
                  "Delete",
                  "Recover"
                ],
                "storage_permissions": null,
                "tenant_id": "2c884470-0d14-4c68-88da-e29d2e10eac5"
              }
            ],
            "contact": [],
            "enable_rbac_authorization": false,
            "enabled_for_deployment": false,
            "enabled_for_disk_encryption": false,
            "enabled_for_template_deployment": false,
            "id": "/subscriptions/b7621b08-b2d8-4415-bb06-dd1ed3559fe4/resourceGroups/dvilanova-rg/providers/Microsoft.KeyVault/vaults/dvilanova-kv",
            "location": "eastus2",
            "name": "dvilanova-kv",
            "network_acls": [
              {
                "bypass": "AzureServices",
                "default_action": "Allow",
                "ip_rules": [],
                "virtual_network_subnet_ids": []
              }
            ],
            "public_network_access_enabled": true,
            "purge_protection_enabled": true,
            "resource_group_name": "dvilanova-rg",
            "sku_name": "standard",
            "soft_delete_retention_days": 7,
            "tags": null,
            "tenant_id": "2c884470-0d14-4c68-88da-e29d2e10eac5",
            "timeouts": null,
            "vault_uri": "https://dvilanova-kv.vault.azure.net/"
          },
          "sensitive_attributes": [],
          "private": "eyJlMmJmYjczMC1lY2FhLTExZTYtOGY4OC0zNDM2M2JjN2M0YzAiOnsiY3JlYXRlIjoxODAwMDAwMDAwMDAwLCJkZWxldGUiOjE4MDAwMDAwMDAwMDAsInJlYWQiOjMwMDAwMDAwMDAwMCwidXBkYXRlIjoxODAwMDAwMDAwMDAwfSwic2NoZW1hX3ZlcnNpb24iOiIyIn0=",
          "dependencies": [
            "azurerm_resource_group.rg",
            "data.azurerm_client_config.current"
          ]
        }
      ]
    },
    {
      "mode": "managed",
      "type": "azurerm_linux_virtual_machine",
      "name": "vm",
      "provider": "provider[\"registry.terraform.io/hashicorp/azurerm\"]",
      "instances": [
        {
          "schema_version": 0,
          "attributes": {
            "additional_capabilities": [],
            "admin_password": null,
            "admin_ssh_key": [
              {
                "public_key": "ssh-rsa AAAAB3NzaC1yc2EAAAADAQABAAACAQDEWk794rMPgZarfoRryhrkXynyWHajzBdTIZgHzNqHjnBAxZPFS3jHuuBo1/y4TDfP8sdwtu0Ip49ikBzLjw2WEY79y1ShA7Dy/Q4+mneS3gpbG49mT6rxo8tBgD62+xXMmcbcylMVQd0pnyGrJ/2aioHjQb5jY3vwOZ1zXFaKg0ClKzhnkoS6ad23jHteLZ81O/JbF5aiSRviyWyrrkneFQMna3KnhtN+ZJrzxOqqnR6M2BUO9l9OI5KQv6MTgnOLSPPeeNupKBCfo7zCHStVxSI7T4sFopOhApQVuf2qT70t0j/Jqe0xYxCY52VN0psN8c842j3PpGgsJIRWkH6V2nZZcwRjJuyWKa4WryOPc2Gd0sip7KX5I1vjO4Xm10DVos6KkVFqAxmau+5+7Xis2J05/WyXUnXUkGxy6/ovjT0RuXQR8UiJuUSGJgzY8UVhqJ4KWNPw2uvg1pV7EF4qBUYz0DwS16pPBJtFkCD2Ozn4rFdoT3D0AjgwSV5jFEKN5cN6xM+NfCAIYPnf7cXnOOWYpIrflvopUldbBWR1dZ5pE1QqstkYFJP8ms1eQhB/H65v9AJm+i53lXm2mYHHzAWUTKM7ulPci8ip6tkTKTmJvDMwsEPc4b+uIrSv+YgXtR8ap4CoBDF92ApnzPtFpcqGb59lxHirDcp4YfeG6w==\n",
                "username": "azureuser"
              }
            ],
            "admin_username": "azureuser",
            "allow_extension_operations": true,
            "availability_set_id": "",
            "boot_diagnostics": [],
            "bypass_platform_safety_checks_on_user_schedule_enabled": false,
            "capacity_reservation_group_id": "",
            "computer_name": "dvilanova-vm",
            "custom_data": "ICAgICMhL2Jpbi9iYXNoCiAgICAjIEluc3RhbGFyIGRlcGVuZMOqbmNpYXMKICAgIHN1ZG8gYXB0LWdldCB1cGRhdGUKICAgIHN1ZG8gYXB0LWdldCBpbnN0YWxsIC15IGFwdC10cmFuc3BvcnQtaHR0cHMgY2EtY2VydGlmaWNhdGVzIGN1cmwgc29mdHdhcmUtcHJvcGVydGllcy1jb21tb24KICAgICMgQWRpY2lvbmFyIGNoYXZlIEdQRyBkbyBEb2NrZXIKICAgIGN1cmwgLWZzU0wgaHR0cHM6Ly9kb3dubG9hZC5kb2NrZXIuY29tL2xpbnV4L3VidW50dS9ncGcgfCBzdWRvIGFwdC1rZXkgYWRkIC0KICAgICMgQWRpY2lvbmFyIHJlcG9zaXTDs3JpbyBkbyBEb2NrZXIKICAgIHN1ZG8gYWRkLWFwdC1yZXBvc2l0b3J5ICdkZWIgW2FyY2g9YW1kNjRdIGh0dHBzOi8vZG93bmxvYWQuZG9ja2VyLmNvbS9saW51eC91YnVudHUgJChsc2JfcmVsZWFzZSAtY3MpIHN0YWJsZScKICAgICMgQXR1YWxpemFyIG8gYXB0IGUgaW5zdGFsYXIgbyBEb2NrZXIKICAgIHN1ZG8gYXB0LWdldCB1cGRhdGUKICAgIHN1ZG8gYXB0LWdldCBpbnN0YWxsIC15IGRvY2tlci1jZQogICAgIyBBZGljaW9uYXIgdXN1w6FyaW8gYW8gZ3J1cG8gRG9ja2VyCiAgICBzdWRvIHVzZXJtb2QgLWFHIGRvY2tlciBhenVyZXVzZXIKICAgICMgSW5zdGFsYXIgRG9ja2VyIENvbXBvc2UKICAgIHN1ZG8gY3VybCAtTCAnaHR0cHM6Ly9naXRodWIuY29tL2RvY2tlci9jb21wb3NlL3JlbGVhc2VzL2Rvd25sb2FkL3YyLjIwLjIvZG9ja2VyLWNvbXBvc2UtJCh1bmFtZSAtcyktJCh1bmFtZSAtbSknIC1vIC91c3IvbG9jYWwvYmluL2RvY2tlci1jb21wb3NlCiAgICAjIFBlcm1pc3PDo28gZGUgZXhlY3XDp8OjbyBwYXJhIG8gYXJxdWl2byBkb2NrZXItY29tcG9zZQogICAgc3VkbyBjaG1vZCAreCAvdXNyL2xvY2FsL2Jpbi9kb2NrZXItY29tcG9zZQogICAgIyBJbnN0YWxhciBHaXQKICAgIHN1ZG8gYXB0LWdldCBpbnN0YWxsIC15IGdpdAogICAgIyBDbG9uYXIgcmVwb3NpdMOzcmlvIGRvIEdpdEh1YgogICAgZ2l0IGNsb25lIGh0dHBzOi8vZ2l0aHViLmNvbS9kaW9nb3ZpbGFub3ZhL0Rlc2FmaW8tRXh0cmEtLS1EZXZPcHMuZ2l0IC9ob21lL2F6dXJldXNlci9EZXNhZmlvLUV4dHJhCiAgICAjIFJvZGFyIG8gZG9ja2VyLWNvbXBvc2UKICAgIGNkIC9ob21lL2F6dXJldXNlci9EZXNhZmlvLUV4dHJhCiAgICBzdWRvIGRvY2tlci1jb21wb3NlIHVwIC1kCg==",
            "dedicated_host_group_id": "",
            "dedicated_host_id": "",
            "disable_password_authentication": true,
            "disk_controller_type": "",
            "edge_zone": "",
            "encryption_at_host_enabled": false,
            "eviction_policy": "",
            "extensions_time_budget": "PT1H30M",
            "gallery_application": [],
            "id": "/subscriptions/b7621b08-b2d8-4415-bb06-dd1ed3559fe4/resourceGroups/dvilanova-rg/providers/Microsoft.Compute/virtualMachines/dvilanova-vm",
            "identity": [],
            "license_type": "",
            "location": "eastus2",
            "max_bid_price": -1,
            "name": "dvilanova-vm",
            "network_interface_ids": [
              "/subscriptions/b7621b08-b2d8-4415-bb06-dd1ed3559fe4/resourceGroups/dvilanova-rg/providers/Microsoft.Network/networkInterfaces/dvilanova-nic"
            ],
            "os_disk": [
              {
                "caching": "ReadWrite",
                "diff_disk_settings": [],
                "disk_encryption_set_id": "",
                "disk_size_gb": 30,
                "name": "osdisk",
                "secure_vm_disk_encryption_set_id": "",
                "security_encryption_type": "",
                "storage_account_type": "Standard_LRS",
                "write_accelerator_enabled": false
              }
            ],
            "os_image_notification": [],
            "patch_assessment_mode": "ImageDefault",
            "patch_mode": "ImageDefault",
            "plan": [],
            "platform_fault_domain": -1,
            "priority": "Regular",
            "private_ip_address": "10.0.1.4",
            "private_ip_addresses": [
              "10.0.1.4"
            ],
            "provision_vm_agent": true,
            "proximity_placement_group_id": "",
            "public_ip_address": "172.172.68.205",
            "public_ip_addresses": [
              "172.172.68.205"
            ],
            "reboot_setting": "",
            "resource_group_name": "dvilanova-rg",
            "secret": [],
            "secure_boot_enabled": false,
            "size": "Standard_B1s",
            "source_image_id": "",
            "source_image_reference": [
              {
                "offer": "0001-com-ubuntu-server-jammy",
                "publisher": "Canonical",
                "sku": "22_04-lts",
                "version": "latest"
              }
            ],
            "tags": {
              "environment": "dev"
            },
            "termination_notification": null,
            "timeouts": null,
            "user_data": "",
            "virtual_machine_id": "c7ef8e3f-2ba9-4aa1-8a65-c0c90d50e051",
            "virtual_machine_scale_set_id": "",
            "vm_agent_platform_updates_enabled": false,
            "vtpm_enabled": false,
            "zone": ""
          },
          "sensitive_attributes": [
            [
              {
                "type": "get_attr",
                "value": "admin_password"
              }
            ],
            [
              {
                "type": "get_attr",
                "value": "custom_data"
              }
            ]
          ],
          "private": "eyJlMmJmYjczMC1lY2FhLTExZTYtOGY4OC0zNDM2M2JjN2M0YzAiOnsiY3JlYXRlIjoyNzAwMDAwMDAwMDAwLCJkZWxldGUiOjI3MDAwMDAwMDAwMDAsInJlYWQiOjMwMDAwMDAwMDAwMCwidXBkYXRlIjoyNzAwMDAwMDAwMDAwfX0=",
          "dependencies": [
            "azurerm_network_interface.nic",
            "azurerm_public_ip.pip",
            "azurerm_resource_group.rg",
            "azurerm_subnet.subnet",
            "azurerm_virtual_network.vnet",
            "tls_private_key.tls-private"
          ]
        }
      ]
    },
    {
      "mode": "managed",
      "type": "azurerm_network_interface",
      "name": "nic",
      "provider": "provider[\"registry.terraform.io/hashicorp/azurerm\"]",
      "instances": [
        {
          "schema_version": 0,
          "attributes": {
            "accelerated_networking_enabled": false,
            "applied_dns_servers": [],
            "auxiliary_mode": "",
            "auxiliary_sku": "",
            "dns_servers": [],
            "edge_zone": "",
            "enable_accelerated_networking": false,
            "enable_ip_forwarding": false,
            "id": "/subscriptions/b7621b08-b2d8-4415-bb06-dd1ed3559fe4/resourceGroups/dvilanova-rg/providers/Microsoft.Network/networkInterfaces/dvilanova-nic",
            "internal_dns_name_label": "",
            "internal_domain_name_suffix": "w3whbsvizmvuvnvbcgmbmt0w3e.cx.internal.cloudapp.net",
            "ip_configuration": [
              {
                "gateway_load_balancer_frontend_ip_configuration_id": "",
                "name": "internal",
                "primary": true,
                "private_ip_address": "10.0.1.4",
                "private_ip_address_allocation": "Dynamic",
                "private_ip_address_version": "IPv4",
                "public_ip_address_id": "/subscriptions/b7621b08-b2d8-4415-bb06-dd1ed3559fe4/resourceGroups/dvilanova-rg/providers/Microsoft.Network/publicIPAddresses/dvilanova-pip",
                "subnet_id": "/subscriptions/b7621b08-b2d8-4415-bb06-dd1ed3559fe4/resourceGroups/dvilanova-rg/providers/Microsoft.Network/virtualNetworks/dvilanova-vnet/subnets/dvilanova-subnet"
              }
            ],
            "ip_forwarding_enabled": false,
            "location": "eastus2",
            "mac_address": "",
            "name": "dvilanova-nic",
            "private_ip_address": "10.0.1.4",
            "private_ip_addresses": [
              "10.0.1.4"
            ],
            "resource_group_name": "dvilanova-rg",
            "tags": null,
            "timeouts": null,
            "virtual_machine_id": ""
          },
          "sensitive_attributes": [],
          "private": "eyJlMmJmYjczMC1lY2FhLTExZTYtOGY4OC0zNDM2M2JjN2M0YzAiOnsiY3JlYXRlIjoxODAwMDAwMDAwMDAwLCJkZWxldGUiOjE4MDAwMDAwMDAwMDAsInJlYWQiOjMwMDAwMDAwMDAwMCwidXBkYXRlIjoxODAwMDAwMDAwMDAwfX0=",
          "dependencies": [
            "azurerm_public_ip.pip",
            "azurerm_resource_group.rg",
            "azurerm_subnet.subnet",
            "azurerm_virtual_network.vnet"
          ]
        }
      ]
    },
    {
      "mode": "managed",
      "type": "azurerm_network_interface_security_group_association",
      "name": "nic_nsg_assoc",
      "provider": "provider[\"registry.terraform.io/hashicorp/azurerm\"]",
      "instances": [
        {
          "schema_version": 0,
          "attributes": {
            "id": "/subscriptions/b7621b08-b2d8-4415-bb06-dd1ed3559fe4/resourceGroups/dvilanova-rg/providers/Microsoft.Network/networkInterfaces/dvilanova-nic|/subscriptions/b7621b08-b2d8-4415-bb06-dd1ed3559fe4/resourceGroups/dvilanova-rg/providers/Microsoft.Network/networkSecurityGroups/dvilanova-nsg",
            "network_interface_id": "/subscriptions/b7621b08-b2d8-4415-bb06-dd1ed3559fe4/resourceGroups/dvilanova-rg/providers/Microsoft.Network/networkInterfaces/dvilanova-nic",
            "network_security_group_id": "/subscriptions/b7621b08-b2d8-4415-bb06-dd1ed3559fe4/resourceGroups/dvilanova-rg/providers/Microsoft.Network/networkSecurityGroups/dvilanova-nsg",
            "timeouts": null
          },
          "sensitive_attributes": [],
          "private": "eyJlMmJmYjczMC1lY2FhLTExZTYtOGY4OC0zNDM2M2JjN2M0YzAiOnsiY3JlYXRlIjoxODAwMDAwMDAwMDAwLCJkZWxldGUiOjE4MDAwMDAwMDAwMDAsInJlYWQiOjMwMDAwMDAwMDAwMH19",
          "dependencies": [
            "azurerm_network_interface.nic",
            "azurerm_network_security_group.nsg",
            "azurerm_public_ip.pip",
            "azurerm_resource_group.rg",
            "azurerm_subnet.subnet",
            "azurerm_virtual_network.vnet"
          ]
        }
      ]
    },
    {
      "mode": "managed",
      "type": "azurerm_network_security_group",
      "name": "nsg",
      "provider": "provider[\"registry.terraform.io/hashicorp/azurerm\"]",
      "instances": [
        {
          "schema_version": 0,
          "attributes": {
            "id": "/subscriptions/b7621b08-b2d8-4415-bb06-dd1ed3559fe4/resourceGroups/dvilanova-rg/providers/Microsoft.Network/networkSecurityGroups/dvilanova-nsg",
            "location": "eastus2",
            "name": "dvilanova-nsg",
            "resource_group_name": "dvilanova-rg",
            "security_rule": [
              {
                "access": "Allow",
                "description": "",
                "destination_address_prefix": "*",
                "destination_address_prefixes": [],
                "destination_application_security_group_ids": [],
                "destination_port_range": "22",
                "destination_port_ranges": [],
                "direction": "Inbound",
                "name": "AllowSSH",
                "priority": 1001,
                "protocol": "Tcp",
                "source_address_prefix": "*",
                "source_address_prefixes": [],
                "source_application_security_group_ids": [],
                "source_port_range": "*",
                "source_port_ranges": []
              },
              {
                "access": "Allow",
                "description": "",
                "destination_address_prefix": "*",
                "destination_address_prefixes": [],
                "destination_application_security_group_ids": [],
                "destination_port_range": "80",
                "destination_port_ranges": [],
                "direction": "Inbound",
                "name": "AllowHTTP",
                "priority": 1002,
                "protocol": "Tcp",
                "source_address_prefix": "*",
                "source_address_prefixes": [],
                "source_application_security_group_ids": [],
                "source_port_range": "*",
                "source_port_ranges": []
              }
            ],
            "tags": null,
            "timeouts": null
          },
          "sensitive_attributes": [],
          "private": "eyJlMmJmYjczMC1lY2FhLTExZTYtOGY4OC0zNDM2M2JjN2M0YzAiOnsiY3JlYXRlIjoxODAwMDAwMDAwMDAwLCJkZWxldGUiOjE4MDAwMDAwMDAwMDAsInJlYWQiOjMwMDAwMDAwMDAwMCwidXBkYXRlIjoxODAwMDAwMDAwMDAwfX0=",
          "dependencies": [
            "azurerm_resource_group.rg"
          ]
        }
      ]
    },
    {
      "mode": "managed",
      "type": "azurerm_public_ip",
      "name": "pip",
      "provider": "provider[\"registry.terraform.io/hashicorp/azurerm\"]",
      "instances": [
        {
          "schema_version": 0,
          "attributes": {
            "allocation_method": "Dynamic",
            "ddos_protection_mode": "VirtualNetworkInherited",
            "ddos_protection_plan_id": null,
            "domain_name_label": null,
            "edge_zone": "",
            "fqdn": null,
            "id": "/subscriptions/b7621b08-b2d8-4415-bb06-dd1ed3559fe4/resourceGroups/dvilanova-rg/providers/Microsoft.Network/publicIPAddresses/dvilanova-pip",
            "idle_timeout_in_minutes": 4,
            "ip_address": "",
            "ip_tags": null,
            "ip_version": "IPv4",
            "location": "eastus2",
            "name": "dvilanova-pip",
            "public_ip_prefix_id": null,
            "resource_group_name": "dvilanova-rg",
            "reverse_fqdn": null,
            "sku": "Basic",
            "sku_tier": "Regional",
            "tags": null,
            "timeouts": null,
            "zones": null
          },
          "sensitive_attributes": [],
          "private": "eyJlMmJmYjczMC1lY2FhLTExZTYtOGY4OC0zNDM2M2JjN2M0YzAiOnsiY3JlYXRlIjoxODAwMDAwMDAwMDAwLCJkZWxldGUiOjE4MDAwMDAwMDAwMDAsInJlYWQiOjMwMDAwMDAwMDAwMCwidXBkYXRlIjoxODAwMDAwMDAwMDAwfX0=",
          "dependencies": [
            "azurerm_resource_group.rg"
          ]
        }
      ]
    },
    {
      "mode": "managed",
      "type": "azurerm_resource_group",
      "name": "rg",
      "provider": "provider[\"registry.terraform.io/hashicorp/azurerm\"]",
      "instances": [
        {
          "schema_version": 0,
          "attributes": {
            "id": "/subscriptions/b7621b08-b2d8-4415-bb06-dd1ed3559fe4/resourceGroups/dvilanova-rg",
            "location": "eastus2",
            "managed_by": "",
            "name": "dvilanova-rg",
            "tags": null,
            "timeouts": null
          },
          "sensitive_attributes": [],
          "private": "eyJlMmJmYjczMC1lY2FhLTExZTYtOGY4OC0zNDM2M2JjN2M0YzAiOnsiY3JlYXRlIjo1NDAwMDAwMDAwMDAwLCJkZWxldGUiOjU0MDAwMDAwMDAwMDAsInJlYWQiOjMwMDAwMDAwMDAwMCwidXBkYXRlIjo1NDAwMDAwMDAwMDAwfX0="
        }
      ]
    },
    {
      "mode": "managed",
      "type": "azurerm_subnet",
      "name": "subnet",
      "provider": "provider[\"registry.terraform.io/hashicorp/azurerm\"]",
      "instances": [
        {
          "schema_version": 0,
          "attributes": {
            "address_prefixes": [
              "10.0.1.0/24"
            ],
            "default_outbound_access_enabled": true,
            "delegation": [],
            "enforce_private_link_endpoint_network_policies": false,
            "enforce_private_link_service_network_policies": false,
            "id": "/subscriptions/b7621b08-b2d8-4415-bb06-dd1ed3559fe4/resourceGroups/dvilanova-rg/providers/Microsoft.Network/virtualNetworks/dvilanova-vnet/subnets/dvilanova-subnet",
            "name": "dvilanova-subnet",
            "private_endpoint_network_policies": "Enabled",
            "private_endpoint_network_policies_enabled": true,
            "private_link_service_network_policies_enabled": true,
            "resource_group_name": "dvilanova-rg",
            "service_endpoint_policy_ids": null,
            "service_endpoints": null,
            "timeouts": null,
            "virtual_network_name": "dvilanova-vnet"
          },
          "sensitive_attributes": [],
          "private": "eyJlMmJmYjczMC1lY2FhLTExZTYtOGY4OC0zNDM2M2JjN2M0YzAiOnsiY3JlYXRlIjoxODAwMDAwMDAwMDAwLCJkZWxldGUiOjE4MDAwMDAwMDAwMDAsInJlYWQiOjMwMDAwMDAwMDAwMCwidXBkYXRlIjoxODAwMDAwMDAwMDAwfX0=",
          "dependencies": [
            "azurerm_resource_group.rg",
            "azurerm_virtual_network.vnet"
          ]
        }
      ]
    },
    {
      "mode": "managed",
      "type": "azurerm_subnet_network_security_group_association",
      "name": "subnet_nsg_assoc",
      "provider": "provider[\"registry.terraform.io/hashicorp/azurerm\"]",
      "instances": [
        {
          "schema_version": 0,
          "attributes": {
            "id": "/subscriptions/b7621b08-b2d8-4415-bb06-dd1ed3559fe4/resourceGroups/dvilanova-rg/providers/Microsoft.Network/virtualNetworks/dvilanova-vnet/subnets/dvilanova-subnet",
            "network_security_group_id": "/subscriptions/b7621b08-b2d8-4415-bb06-dd1ed3559fe4/resourceGroups/dvilanova-rg/providers/Microsoft.Network/networkSecurityGroups/dvilanova-nsg",
            "subnet_id": "/subscriptions/b7621b08-b2d8-4415-bb06-dd1ed3559fe4/resourceGroups/dvilanova-rg/providers/Microsoft.Network/virtualNetworks/dvilanova-vnet/subnets/dvilanova-subnet",
            "timeouts": null
          },
          "sensitive_attributes": [],
          "private": "eyJlMmJmYjczMC1lY2FhLTExZTYtOGY4OC0zNDM2M2JjN2M0YzAiOnsiY3JlYXRlIjoxODAwMDAwMDAwMDAwLCJkZWxldGUiOjE4MDAwMDAwMDAwMDAsInJlYWQiOjMwMDAwMDAwMDAwMH19",
          "dependencies": [
            "azurerm_network_security_group.nsg",
            "azurerm_resource_group.rg",
            "azurerm_subnet.subnet",
            "azurerm_virtual_network.vnet"
          ]
        }
      ]
    },
    {
      "mode": "managed",
      "type": "azurerm_virtual_network",
      "name": "vnet",
      "provider": "provider[\"registry.terraform.io/hashicorp/azurerm\"]",
      "instances": [
        {
          "schema_version": 0,
          "attributes": {
            "address_space": [
              "10.0.0.0/16"
            ],
            "bgp_community": "",
            "ddos_protection_plan": [],
            "dns_servers": [],
            "edge_zone": "",
            "encryption": [],
            "flow_timeout_in_minutes": 0,
            "guid": "ca706cb7-cba8-4a2b-b6a1-1198164f56ec",
            "id": "/subscriptions/b7621b08-b2d8-4415-bb06-dd1ed3559fe4/resourceGroups/dvilanova-rg/providers/Microsoft.Network/virtualNetworks/dvilanova-vnet",
            "location": "eastus2",
            "name": "dvilanova-vnet",
            "resource_group_name": "dvilanova-rg",
            "subnet": [],
            "tags": null,
            "timeouts": null
          },
          "sensitive_attributes": [],
          "private": "eyJlMmJmYjczMC1lY2FhLTExZTYtOGY4OC0zNDM2M2JjN2M0YzAiOnsiY3JlYXRlIjoxODAwMDAwMDAwMDAwLCJkZWxldGUiOjE4MDAwMDAwMDAwMDAsInJlYWQiOjMwMDAwMDAwMDAwMCwidXBkYXRlIjoxODAwMDAwMDAwMDAwfX0=",
          "dependencies": [
            "azurerm_resource_group.rg"
          ]
        }
      ]
    },
    {
      "mode": "managed",
      "type": "tls_private_key",
      "name": "tls-private",
      "provider": "provider[\"registry.terraform.io/hashicorp/tls\"]",
      "instances": [
        {
          "schema_version": 1,
          "attributes": {
            "algorithm": "RSA",
            "ecdsa_curve": "P224",
            "id": "a79de7fb825789990f1b8420fdcade1f0891d7e9",
            "private_key_openssh": "-----BEGIN OPENSSH PRIVATE KEY-----\nb3BlbnNzaC1rZXktdjEAAAAABG5vbmUAAAAEbm9uZQAAAAAAAAABAAACFwAAAAdz\nc2gtcnNhAAAAAwEAAQAAAgEAxFpO/eKzD4GWq36Ea8oa5F8p8lh2o8wXUyGYB8za\nh45wQMWTxUt4x7rgaNf8uEw3z/LHcLbtCKePYpAcy48NlhGO/ctUoQOw8v0OPpp3\nkt4KWxuPZk+q8aPLQYA+tvsVzJnG3MpTFUHdKZ8hqyf9moqB40G+Y2N78Dmdc1xW\nioNApSs4Z5KEumndt4x7Xi2fNTvyWxeWokkb4slsq65J3hUDJ2typ4bTfmSa88Tq\nqp0ejNgVDvZfTiOSkL+jE4Jzi0jz3njbqSgQn6O8wh0rVcUiO0+LBaKToQKUFbn9\nqk+9LdI/yantMWMQmOdlTdKbDfHPONo9z6RoLCSEVpB+ldp2WXMEYybslimuFq8j\nj3NhndLIqeyl+SNb4zuF5tdA1aLOipFRagMZmrvufu14rNidOf1sl1J11JBscuv6\nL409Ebl0EfFIiblEhiYM2PFFYaieCljT8Nrr4NaVexBeKgVGM9A8EteqTwSbRZAg\n9js5+KxXaE9w9AI4MEleYxRCjeXDesTPjXwgCGD53+3F5zjlmKSK35b6KVJXWwVk\ndXWeaRNUKrLZGBST/JrNXkIQfx+ub/QCZvoud5V5tpmBx8wFlEyjO7pT3IvIqerZ\nEyk5ibwzMLBD3OG/riK0r/mIF7UfGqeAqAQxfdgKZ8z7RaXKhm+fZcR4qw3KeGH3\nhusAAAc4WrTaglq02oIAAAAHc3NoLXJzYQAAAgEAxFpO/eKzD4GWq36Ea8oa5F8p\n8lh2o8wXUyGYB8zah45wQMWTxUt4x7rgaNf8uEw3z/LHcLbtCKePYpAcy48NlhGO\n/ctUoQOw8v0OPpp3kt4KWxuPZk+q8aPLQYA+tvsVzJnG3MpTFUHdKZ8hqyf9moqB\n40G+Y2N78Dmdc1xWioNApSs4Z5KEumndt4x7Xi2fNTvyWxeWokkb4slsq65J3hUD\nJ2typ4bTfmSa88Tqqp0ejNgVDvZfTiOSkL+jE4Jzi0jz3njbqSgQn6O8wh0rVcUi\nO0+LBaKToQKUFbn9qk+9LdI/yantMWMQmOdlTdKbDfHPONo9z6RoLCSEVpB+ldp2\nWXMEYybslimuFq8jj3NhndLIqeyl+SNb4zuF5tdA1aLOipFRagMZmrvufu14rNid\nOf1sl1J11JBscuv6L409Ebl0EfFIiblEhiYM2PFFYaieCljT8Nrr4NaVexBeKgVG\nM9A8EteqTwSbRZAg9js5+KxXaE9w9AI4MEleYxRCjeXDesTPjXwgCGD53+3F5zjl\nmKSK35b6KVJXWwVkdXWeaRNUKrLZGBST/JrNXkIQfx+ub/QCZvoud5V5tpmBx8wF\nlEyjO7pT3IvIqerZEyk5ibwzMLBD3OG/riK0r/mIF7UfGqeAqAQxfdgKZ8z7RaXK\nhm+fZcR4qw3KeGH3husAAAADAQABAAACAEy5HPSHiIAemskX/pY/upJRvQo9Ft6Z\n+OM61TT3Dsy5E5O7oCoPe3pPwzA0dUNuRMC0lMmuMKCZGKXiud2wYBardbwln0Pr\nNVE9IDvGD8MLj/BZrIbFyn3xCpLlkZveMH5p+BJ93EkKG2kQDQ/b6HRieq5aGhKr\n5NnRKXzSL96furrPUJLn5YURqNj3w5zhJryeV+zQIsP23TaYjiXnTGXCwCC/E2Xy\ngOF6XjGyWB+ilTVjmZbnHgZiT/rPZuFQr+VU9DWR9AL87MH0MOWIkE5LYTzbr+7b\nv+PCJir3Ke9KiRlGdjZOd6g8lVep0yO9j2i7e8UzQcPI8guNmUhZ3ZvwfRpFPOsu\nq44yVAXAb9hKjqrpuvOHMAxuRkxPhIDo6Ns3Vh2q+9J1kw0lgkWVPaE/sLnddSaW\n84im6BUTVhqITYphkMymm4hPojVqXF3JQuDmG3xZPG3wx9lOdq2K6XygZ66Nbi5a\nF1BrbjlOKuEfNLMyItml3Iwi0lnAfhvTdMdrHnYEMvJ7b/VyHOpsZrT5AF8Jai8i\nw4KCp6WWVRt9JkaMKyoYXXItM/IPSiD/REKxklfzU5MaR7OMXHx2qj5W2RJkCLN8\nFrgPQbCKtWYlGUZknRujHVtxRv67/zqE/V0Dys0iLYs/ql31NKAIpwtQ1CxQJBfA\naabP/dtE9TEBAAABAQDTH7HSkIBOj89abgWM5Xbe6Bc+w9TB1IriCAOTWAUKdTcg\nU90etShxETqgzXiJXlwM7A2pZiV1Zpgm9+6zuSPeNf5mk9SJMmf6l0A4SHGYhlxR\nG9ZXw+BREDAIvnE2omjrPqIDsort4X8qhkwpXWrfCHRdnKMmlGDk6Ykvfz83JKeB\nSAq1Yx9Hx5+YGNYomzD2CqxGdB0LO83Bb+/nYmqvU9hwcsYXbmft4JWq+SDYuqy3\nwVI4qvYUKCKMiS+O7BSfzR7wxg1m9pr8CmbISKy0FNEQcRh5/dGKsobpCRZxVox2\ntsB+H+5k/E8GcQBP4NCCGAw9M/JMdH+x1RxsEporAAABAQD1T43DtKUNPhfYFULw\ndCTa0JfmtqOT/dNo2J8p4h6JjkahvrBNbh4j7NDui4zpeYYpKsrWrNIOFTnFULL7\n+Q/1NSrSKndcW3E3lbjB4EH28f1ZSV5b+LVmu+wx9JPAiIKF4jAviA0UzD2pzWZj\nCVBOQfF1rU0IQxvKhEPlktC38ojFGt/5ueMQ7ZljCFnu85kFwZTJDL/R03fEuk4S\nPTHrpMN/Ox9V/t/0bjAcW3UM6DkQKX+UynaRmzQ8XmCWE3NiMUCdqMzCXHas2unZ\n7Z/HLobpqA1ILAn/VDwxm+a4rC0OtgxHYWv3L43DJkYqSolTb0/u15miBCBtBi4s\nTOh7AAABAQDM6KCihgqZu/XnDE9r72OdNygRR7cmURkwcthdSbnvEcSBaJMoCqtt\njiuvpEEJKbaB121UgTCNdArk2l7QTXDdSdrBlmXN3dTQ6bGDqqD/mPLQxDZgk9Ki\nb1reNe/acOPwl5vE4nM+iDrBGxSOOF1yjISLxwUJskNj8bLHhoKXAhh7iAshsBxR\nvZTMp725jUX3GyMwkul/YvEm0vOJuCkLb+STCoGcRvW4R2VLOBYPRs31t4xEO1BR\n6g7DjZyuB9TsHVTpfTKKI4CuxCpPFLWTyxN6dL4n8XM/fHrKAmhxAVMqc3GTHopf\nzje+VRVtMkFmwUoiPvYTkNxEG+jukGhRAAAAAAEC\n-----END OPENSSH PRIVATE KEY-----\n",
            "private_key_pem": "-----BEGIN RSA PRIVATE KEY-----\nMIIJKQIBAAKCAgEAxFpO/eKzD4GWq36Ea8oa5F8p8lh2o8wXUyGYB8zah45wQMWT\nxUt4x7rgaNf8uEw3z/LHcLbtCKePYpAcy48NlhGO/ctUoQOw8v0OPpp3kt4KWxuP\nZk+q8aPLQYA+tvsVzJnG3MpTFUHdKZ8hqyf9moqB40G+Y2N78Dmdc1xWioNApSs4\nZ5KEumndt4x7Xi2fNTvyWxeWokkb4slsq65J3hUDJ2typ4bTfmSa88Tqqp0ejNgV\nDvZfTiOSkL+jE4Jzi0jz3njbqSgQn6O8wh0rVcUiO0+LBaKToQKUFbn9qk+9LdI/\nyantMWMQmOdlTdKbDfHPONo9z6RoLCSEVpB+ldp2WXMEYybslimuFq8jj3NhndLI\nqeyl+SNb4zuF5tdA1aLOipFRagMZmrvufu14rNidOf1sl1J11JBscuv6L409Ebl0\nEfFIiblEhiYM2PFFYaieCljT8Nrr4NaVexBeKgVGM9A8EteqTwSbRZAg9js5+KxX\naE9w9AI4MEleYxRCjeXDesTPjXwgCGD53+3F5zjlmKSK35b6KVJXWwVkdXWeaRNU\nKrLZGBST/JrNXkIQfx+ub/QCZvoud5V5tpmBx8wFlEyjO7pT3IvIqerZEyk5ibwz\nMLBD3OG/riK0r/mIF7UfGqeAqAQxfdgKZ8z7RaXKhm+fZcR4qw3KeGH3husCAwEA\nAQKCAgBMuRz0h4iAHprJF/6WP7qSUb0KPRbemfjjOtU09w7MuROTu6AqD3t6T8Mw\nNHVDbkTAtJTJrjCgmRil4rndsGAWq3W8JZ9D6zVRPSA7xg/DC4/wWayGxcp98QqS\n5ZGb3jB+afgSfdxJChtpEA0P2+h0YnquWhoSq+TZ0Sl80i/en7q6z1CS5+WFEajY\n98Oc4Sa8nlfs0CLD9t02mI4l50xlwsAgvxNl8oDhel4xslgfopU1Y5mW5x4GYk/6\nz2bhUK/lVPQ1kfQC/OzB9DDliJBOS2E826/u27/jwiYq9ynvSokZRnY2TneoPJVX\nqdMjvY9ou3vFM0HDyPILjZlIWd2b8H0aRTzrLquOMlQFwG/YSo6q6brzhzAMbkZM\nT4SA6OjbN1YdqvvSdZMNJYJFlT2hP7C53XUmlvOIpugVE1YaiE2KYZDMppuIT6I1\nalxdyULg5ht8WTxt8MfZTnatiul8oGeujW4uWhdQa245TirhHzSzMiLZpdyMItJZ\nwH4b03THax52BDLye2/1chzqbGa0+QBfCWovIsOCgqelllUbfSZGjCsqGF1yLTPy\nD0og/0RCsZJX81OTGkezjFx8dqo+VtkSZAizfBa4D0GwirVmJRlGZJ0box1bcUb+\nu/86hP1dA8rNIi2LP6pd9TSgCKcLUNQsUCQXwGmmz/3bRPUxAQKCAQEA9U+Nw7Sl\nDT4X2BVC8HQk2tCX5rajk/3TaNifKeIeiY5Gob6wTW4eI+zQ7ouM6XmGKSrK1qzS\nDhU5xVCy+/kP9TUq0ip3XFtxN5W4weBB9vH9WUleW/i1ZrvsMfSTwIiCheIwL4gN\nFMw9qc1mYwlQTkHxda1NCEMbyoRD5ZLQt/KIxRrf+bnjEO2ZYwhZ7vOZBcGUyQy/\n0dN3xLpOEj0x66TDfzsfVf7f9G4wHFt1DOg5ECl/lMp2kZs0PF5glhNzYjFAnajM\nwlx2rNrp2e2fxy6G6agNSCwJ/1Q8MZvmuKwtDrYMR2Fr9y+NwyZGKkqJU29P7teZ\nogQgbQYuLEzoewKCAQEAzOigooYKmbv15wxPa+9jnTcoEUe3JlEZMHLYXUm57xHE\ngWiTKAqrbY4rr6RBCSm2gddtVIEwjXQK5Npe0E1w3UnawZZlzd3U0Omxg6qg/5jy\n0MQ2YJPSom9a3jXv2nDj8JebxOJzPog6wRsUjjhdcoyEi8cFCbJDY/Gyx4aClwIY\ne4gLIbAcUb2UzKe9uY1F9xsjMJLpf2LxJtLzibgpC2/kkwqBnEb1uEdlSzgWD0bN\n9beMRDtQUeoOw42crgfU7B1U6X0yiiOArsQqTxS1k8sTenS+J/FzP3x6ygJocQFT\nKnNxkx6KX843vlUVbTJBZsFKIj72E5DcRBvo7pBoUQKCAQEAtEJ3K95sgqSkJNbK\nz6KpClnJpXGEFlWoqhy0KLTON8piwKw9JUjLwR5eEUxeiZoRKeMWFlX8LPkP8Jxy\nSZIlVcxx4Onvt+BB+9R7ZYwDLRF5V8kAG5lQw2NIFxVgFVS6hONHAUZ6RlQm48XZ\nfOD1L+xpIE3ukymtHE3BDsupr+H6+sva1cjwwBm4YvtaCqraQU6UpIBH3EoGcnts\nrx5ktoHmXnH1ft3Bd/4YQF48TvW+KNA1vgJgynJAGjRHyUAVw4vprXDCtff4BOEA\ngnGIvXbFEKG60NP7rLIbYWDsU7vBiFPiBfniukspYsOXP7Bx5Oug0yN+830QzsyB\n1W/WTQKCAQAIbE+eHrB03VsgYkspfq+zmL7W5wHKW28TpMTsIMm54BsZzrit3rJp\nUHzPPYtG2yYbdEWUQbNDPU/tVGStX2GSVyTc7FfG/KVw6QpZBTyVBS6GEmrB0ZHJ\nB5bOp5zyd82G6FSI5V4jZeo0Ye6YYgzFVq1kKYw1d9R5WUgmF4tqtbVX7qG2gszH\nN2nUd9i+teX4YG8z4fYjPGf5VpaYRK+7PqBAwx/M0sXrC1RIoUeW3Sw+O4tSirWk\niGCO/VVBeiTwh8wjxPe84fS6Omoa0hkcuC5WzFG8xpocM/vALhUpAArxJcm3aHv7\nsDhuZIT69iPmG2/2tGvdJglH63XJyLnhAoIBAQDTH7HSkIBOj89abgWM5Xbe6Bc+\nw9TB1IriCAOTWAUKdTcgU90etShxETqgzXiJXlwM7A2pZiV1Zpgm9+6zuSPeNf5m\nk9SJMmf6l0A4SHGYhlxRG9ZXw+BREDAIvnE2omjrPqIDsort4X8qhkwpXWrfCHRd\nnKMmlGDk6Ykvfz83JKeBSAq1Yx9Hx5+YGNYomzD2CqxGdB0LO83Bb+/nYmqvU9hw\ncsYXbmft4JWq+SDYuqy3wVI4qvYUKCKMiS+O7BSfzR7wxg1m9pr8CmbISKy0FNEQ\ncRh5/dGKsobpCRZxVox2tsB+H+5k/E8GcQBP4NCCGAw9M/JMdH+x1RxsEpor\n-----END RSA PRIVATE KEY-----\n",
            "private_key_pem_pkcs8": "-----BEGIN PRIVATE KEY-----\nMIIJQwIBADANBgkqhkiG9w0BAQEFAASCCS0wggkpAgEAAoICAQDEWk794rMPgZar\nfoRryhrkXynyWHajzBdTIZgHzNqHjnBAxZPFS3jHuuBo1/y4TDfP8sdwtu0Ip49i\nkBzLjw2WEY79y1ShA7Dy/Q4+mneS3gpbG49mT6rxo8tBgD62+xXMmcbcylMVQd0p\nnyGrJ/2aioHjQb5jY3vwOZ1zXFaKg0ClKzhnkoS6ad23jHteLZ81O/JbF5aiSRvi\nyWyrrkneFQMna3KnhtN+ZJrzxOqqnR6M2BUO9l9OI5KQv6MTgnOLSPPeeNupKBCf\no7zCHStVxSI7T4sFopOhApQVuf2qT70t0j/Jqe0xYxCY52VN0psN8c842j3PpGgs\nJIRWkH6V2nZZcwRjJuyWKa4WryOPc2Gd0sip7KX5I1vjO4Xm10DVos6KkVFqAxma\nu+5+7Xis2J05/WyXUnXUkGxy6/ovjT0RuXQR8UiJuUSGJgzY8UVhqJ4KWNPw2uvg\n1pV7EF4qBUYz0DwS16pPBJtFkCD2Ozn4rFdoT3D0AjgwSV5jFEKN5cN6xM+NfCAI\nYPnf7cXnOOWYpIrflvopUldbBWR1dZ5pE1QqstkYFJP8ms1eQhB/H65v9AJm+i53\nlXm2mYHHzAWUTKM7ulPci8ip6tkTKTmJvDMwsEPc4b+uIrSv+YgXtR8ap4CoBDF9\n2ApnzPtFpcqGb59lxHirDcp4YfeG6wIDAQABAoICAEy5HPSHiIAemskX/pY/upJR\nvQo9Ft6Z+OM61TT3Dsy5E5O7oCoPe3pPwzA0dUNuRMC0lMmuMKCZGKXiud2wYBar\ndbwln0PrNVE9IDvGD8MLj/BZrIbFyn3xCpLlkZveMH5p+BJ93EkKG2kQDQ/b6HRi\neq5aGhKr5NnRKXzSL96furrPUJLn5YURqNj3w5zhJryeV+zQIsP23TaYjiXnTGXC\nwCC/E2XygOF6XjGyWB+ilTVjmZbnHgZiT/rPZuFQr+VU9DWR9AL87MH0MOWIkE5L\nYTzbr+7bv+PCJir3Ke9KiRlGdjZOd6g8lVep0yO9j2i7e8UzQcPI8guNmUhZ3Zvw\nfRpFPOsuq44yVAXAb9hKjqrpuvOHMAxuRkxPhIDo6Ns3Vh2q+9J1kw0lgkWVPaE/\nsLnddSaW84im6BUTVhqITYphkMymm4hPojVqXF3JQuDmG3xZPG3wx9lOdq2K6Xyg\nZ66Nbi5aF1BrbjlOKuEfNLMyItml3Iwi0lnAfhvTdMdrHnYEMvJ7b/VyHOpsZrT5\nAF8Jai8iw4KCp6WWVRt9JkaMKyoYXXItM/IPSiD/REKxklfzU5MaR7OMXHx2qj5W\n2RJkCLN8FrgPQbCKtWYlGUZknRujHVtxRv67/zqE/V0Dys0iLYs/ql31NKAIpwtQ\n1CxQJBfAaabP/dtE9TEBAoIBAQD1T43DtKUNPhfYFULwdCTa0JfmtqOT/dNo2J8p\n4h6JjkahvrBNbh4j7NDui4zpeYYpKsrWrNIOFTnFULL7+Q/1NSrSKndcW3E3lbjB\n4EH28f1ZSV5b+LVmu+wx9JPAiIKF4jAviA0UzD2pzWZjCVBOQfF1rU0IQxvKhEPl\nktC38ojFGt/5ueMQ7ZljCFnu85kFwZTJDL/R03fEuk4SPTHrpMN/Ox9V/t/0bjAc\nW3UM6DkQKX+UynaRmzQ8XmCWE3NiMUCdqMzCXHas2unZ7Z/HLobpqA1ILAn/VDwx\nm+a4rC0OtgxHYWv3L43DJkYqSolTb0/u15miBCBtBi4sTOh7AoIBAQDM6KCihgqZ\nu/XnDE9r72OdNygRR7cmURkwcthdSbnvEcSBaJMoCqttjiuvpEEJKbaB121UgTCN\ndArk2l7QTXDdSdrBlmXN3dTQ6bGDqqD/mPLQxDZgk9Kib1reNe/acOPwl5vE4nM+\niDrBGxSOOF1yjISLxwUJskNj8bLHhoKXAhh7iAshsBxRvZTMp725jUX3GyMwkul/\nYvEm0vOJuCkLb+STCoGcRvW4R2VLOBYPRs31t4xEO1BR6g7DjZyuB9TsHVTpfTKK\nI4CuxCpPFLWTyxN6dL4n8XM/fHrKAmhxAVMqc3GTHopfzje+VRVtMkFmwUoiPvYT\nkNxEG+jukGhRAoIBAQC0Qncr3myCpKQk1srPoqkKWcmlcYQWVaiqHLQotM43ymLA\nrD0lSMvBHl4RTF6JmhEp4xYWVfws+Q/wnHJJkiVVzHHg6e+34EH71HtljAMtEXlX\nyQAbmVDDY0gXFWAVVLqE40cBRnpGVCbjxdl84PUv7GkgTe6TKa0cTcEOy6mv4fr6\ny9rVyPDAGbhi+1oKqtpBTpSkgEfcSgZye2yvHmS2geZecfV+3cF3/hhAXjxO9b4o\n0DW+AmDKckAaNEfJQBXDi+mtcMK19/gE4QCCcYi9dsUQobrQ0/usshthYOxTu8GI\nU+IF+eK6Syliw5c/sHHk66DTI37zfRDOzIHVb9ZNAoIBAAhsT54esHTdWyBiSyl+\nr7OYvtbnAcpbbxOkxOwgybngGxnOuK3esmlQfM89i0bbJht0RZRBs0M9T+1UZK1f\nYZJXJNzsV8b8pXDpClkFPJUFLoYSasHRkckHls6nnPJ3zYboVIjlXiNl6jRh7phi\nDMVWrWQpjDV31HlZSCYXi2q1tVfuobaCzMc3adR32L615fhgbzPh9iM8Z/lWlphE\nr7s+oEDDH8zSxesLVEihR5bdLD47i1KKtaSIYI79VUF6JPCHzCPE97zh9Lo6ahrS\nGRy4LlbMUbzGmhwz+8AuFSkACvElybdoe/uwOG5khPr2I+Ybb/a0a90mCUfrdcnI\nueECggEBANMfsdKQgE6Pz1puBYzldt7oFz7D1MHUiuIIA5NYBQp1NyBT3R61KHER\nOqDNeIleXAzsDalmJXVmmCb37rO5I941/maT1IkyZ/qXQDhIcZiGXFEb1lfD4FEQ\nMAi+cTaiaOs+ogOyiu3hfyqGTCldat8IdF2coyaUYOTpiS9/Pzckp4FICrVjH0fH\nn5gY1iibMPYKrEZ0HQs7zcFv7+diaq9T2HByxhduZ+3glar5INi6rLfBUjiq9hQo\nIoyJL47sFJ/NHvDGDWb2mvwKZshIrLQU0RBxGHn90YqyhukJFnFWjHa2wH4f7mT8\nTwZxAE/g0IIYDD0z8kx0f7HVHGwSmis=\n-----END PRIVATE KEY-----\n",
            "public_key_fingerprint_md5": "dc:53:0c:4b:0f:a0:03:9f:eb:54:e9:55:2c:02:27:e4",
            "public_key_fingerprint_sha256": "SHA256:R5kSFHukdgfBcyp42vH7I9cyecEO9wEhcPO8mmijqsI",
            "public_key_openssh": "ssh-rsa AAAAB3NzaC1yc2EAAAADAQABAAACAQDEWk794rMPgZarfoRryhrkXynyWHajzBdTIZgHzNqHjnBAxZPFS3jHuuBo1/y4TDfP8sdwtu0Ip49ikBzLjw2WEY79y1ShA7Dy/Q4+mneS3gpbG49mT6rxo8tBgD62+xXMmcbcylMVQd0pnyGrJ/2aioHjQb5jY3vwOZ1zXFaKg0ClKzhnkoS6ad23jHteLZ81O/JbF5aiSRviyWyrrkneFQMna3KnhtN+ZJrzxOqqnR6M2BUO9l9OI5KQv6MTgnOLSPPeeNupKBCfo7zCHStVxSI7T4sFopOhApQVuf2qT70t0j/Jqe0xYxCY52VN0psN8c842j3PpGgsJIRWkH6V2nZZcwRjJuyWKa4WryOPc2Gd0sip7KX5I1vjO4Xm10DVos6KkVFqAxmau+5+7Xis2J05/WyXUnXUkGxy6/ovjT0RuXQR8UiJuUSGJgzY8UVhqJ4KWNPw2uvg1pV7EF4qBUYz0DwS16pPBJtFkCD2Ozn4rFdoT3D0AjgwSV5jFEKN5cN6xM+NfCAIYPnf7cXnOOWYpIrflvopUldbBWR1dZ5pE1QqstkYFJP8ms1eQhB/H65v9AJm+i53lXm2mYHHzAWUTKM7ulPci8ip6tkTKTmJvDMwsEPc4b+uIrSv+YgXtR8ap4CoBDF92ApnzPtFpcqGb59lxHirDcp4YfeG6w==\n",
            "public_key_pem": "-----BEGIN PUBLIC KEY-----\nMIICIjANBgkqhkiG9w0BAQEFAAOCAg8AMIICCgKCAgEAxFpO/eKzD4GWq36Ea8oa\n5F8p8lh2o8wXUyGYB8zah45wQMWTxUt4x7rgaNf8uEw3z/LHcLbtCKePYpAcy48N\nlhGO/ctUoQOw8v0OPpp3kt4KWxuPZk+q8aPLQYA+tvsVzJnG3MpTFUHdKZ8hqyf9\nmoqB40G+Y2N78Dmdc1xWioNApSs4Z5KEumndt4x7Xi2fNTvyWxeWokkb4slsq65J\n3hUDJ2typ4bTfmSa88Tqqp0ejNgVDvZfTiOSkL+jE4Jzi0jz3njbqSgQn6O8wh0r\nVcUiO0+LBaKToQKUFbn9qk+9LdI/yantMWMQmOdlTdKbDfHPONo9z6RoLCSEVpB+\nldp2WXMEYybslimuFq8jj3NhndLIqeyl+SNb4zuF5tdA1aLOipFRagMZmrvufu14\nrNidOf1sl1J11JBscuv6L409Ebl0EfFIiblEhiYM2PFFYaieCljT8Nrr4NaVexBe\nKgVGM9A8EteqTwSbRZAg9js5+KxXaE9w9AI4MEleYxRCjeXDesTPjXwgCGD53+3F\n5zjlmKSK35b6KVJXWwVkdXWeaRNUKrLZGBST/JrNXkIQfx+ub/QCZvoud5V5tpmB\nx8wFlEyjO7pT3IvIqerZEyk5ibwzMLBD3OG/riK0r/mIF7UfGqeAqAQxfdgKZ8z7\nRaXKhm+fZcR4qw3KeGH3husCAwEAAQ==\n-----END PUBLIC KEY-----\n",
            "rsa_bits": 4096
          },
          "sensitive_attributes": [
            [
              {
                "type": "get_attr",
                "value": "private_key_pem_pkcs8"
              }
            ],
            [
              {
                "type": "get_attr",
                "value": "private_key_pem"
              }
            ],
            [
              {
                "type": "get_attr",
                "value": "private_key_openssh"
              }
            ]
          ]
        }
      ]
    }
  ],
  "check_results": null
}
